// !$*UTF8*$!
{
	archiveVersion = 1;
	classes = {
	};
	objectVersion = 50;
	objects = {

/* Begin PBXBuildFile section */
		9338CE142266B52100D25D65 /* DataServices.swift in Sources */ = {isa = PBXBuildFile; fileRef = 9338CE132266B52100D25D65 /* DataServices.swift */; };
		9338CE172266C05400D25D65 /* City.swift in Sources */ = {isa = PBXBuildFile; fileRef = 9338CE162266C05400D25D65 /* City.swift */; };
		9338CE192266C26900D25D65 /* District.swift in Sources */ = {isa = PBXBuildFile; fileRef = 9338CE182266C26900D25D65 /* District.swift */; };
		9378BE862260870300D15A11 /* AppDelegate.swift in Sources */ = {isa = PBXBuildFile; fileRef = 9378BE852260870300D15A11 /* AppDelegate.swift */; };
		9378BE882260870300D15A11 /* ViewController.swift in Sources */ = {isa = PBXBuildFile; fileRef = 9378BE872260870300D15A11 /* ViewController.swift */; };
		9378BE8B2260870300D15A11 /* Main.storyboard in Resources */ = {isa = PBXBuildFile; fileRef = 9378BE892260870300D15A11 /* Main.storyboard */; };
		9378BE8D2260870400D15A11 /* Assets.xcassets in Resources */ = {isa = PBXBuildFile; fileRef = 9378BE8C2260870400D15A11 /* Assets.xcassets */; };
		9378BE902260870400D15A11 /* LaunchScreen.storyboard in Resources */ = {isa = PBXBuildFile; fileRef = 9378BE8E2260870400D15A11 /* LaunchScreen.storyboard */; };
		9378BE982260873F00D15A11 /* TableViewController.swift in Sources */ = {isa = PBXBuildFile; fileRef = 9378BE972260873F00D15A11 /* TableViewController.swift */; };
		9378BE9A226087BF00D15A11 /* Districts.plist in Resources */ = {isa = PBXBuildFile; fileRef = 9378BE99226087BF00D15A11 /* Districts.plist */; };
		9378BE9C226087C800D15A11 /* Cities.plist in Resources */ = {isa = PBXBuildFile; fileRef = 9378BE9B226087C800D15A11 /* Cities.plist */; };
/* End PBXBuildFile section */

/* Begin PBXFileReference section */
		9338CE132266B52100D25D65 /* DataServices.swift */ = {isa = PBXFileReference; lastKnownFileType = sourcecode.swift; path = DataServices.swift; sourceTree = "<group>"; };
		9338CE162266C05400D25D65 /* City.swift */ = {isa = PBXFileReference; lastKnownFileType = sourcecode.swift; path = City.swift; sourceTree = "<group>"; };
		9338CE182266C26900D25D65 /* District.swift */ = {isa = PBXFileReference; lastKnownFileType = sourcecode.swift; path = District.swift; sourceTree = "<group>"; };
		9378BE822260870300D15A11 /* LoadData_Fromplist.app */ = {isa = PBXFileReference; explicitFileType = wrapper.application; includeInIndex = 0; path = LoadData_Fromplist.app; sourceTree = BUILT_PRODUCTS_DIR; };
		9378BE852260870300D15A11 /* AppDelegate.swift */ = {isa = PBXFileReference; lastKnownFileType = sourcecode.swift; path = AppDelegate.swift; sourceTree = "<group>"; };
		9378BE872260870300D15A11 /* ViewController.swift */ = {isa = PBXFileReference; lastKnownFileType = sourcecode.swift; path = ViewController.swift; sourceTree = "<group>"; };
		9378BE8A2260870300D15A11 /* Base */ = {isa = PBXFileReference; lastKnownFileType = file.storyboard; name = Base; path = Base.lproj/Main.storyboard; sourceTree = "<group>"; };
		9378BE8C2260870400D15A11 /* Assets.xcassets */ = {isa = PBXFileReference; lastKnownFileType = folder.assetcatalog; path = Assets.xcassets; sourceTree = "<group>"; };
		9378BE8F2260870400D15A11 /* Base */ = {isa = PBXFileReference; lastKnownFileType = file.storyboard; name = Base; path = Base.lproj/LaunchScreen.storyboard; sourceTree = "<group>"; };
		9378BE912260870400D15A11 /* Info.plist */ = {isa = PBXFileReference; lastKnownFileType = text.plist.xml; path = Info.plist; sourceTree = "<group>"; };
		9378BE972260873F00D15A11 /* TableViewController.swift */ = {isa = PBXFileReference; lastKnownFileType = sourcecode.swift; path = TableViewController.swift; sourceTree = "<group>"; };
		9378BE99226087BF00D15A11 /* Districts.plist */ = {isa = PBXFileReference; fileEncoding = 4; lastKnownFileType = text.plist.xml; name = Districts.plist; path = ../../../Downloads/Districts.plist; sourceTree = "<group>"; };
		9378BE9B226087C800D15A11 /* Cities.plist */ = {isa = PBXFileReference; fileEncoding = 4; lastKnownFileType = text.plist.xml; name = Cities.plist; path = ../../../Downloads/Cities.plist; sourceTree = "<group>"; };
/* End PBXFileReference section */

/* Begin PBXFrameworksBuildPhase section */
		9378BE7F2260870300D15A11 /* Frameworks */ = {
			isa = PBXFrameworksBuildPhase;
			buildActionMask = 2147483647;
			files = (
			);
			runOnlyForDeploymentPostprocessing = 0;
		};
/* End PBXFrameworksBuildPhase section */

/* Begin PBXGroup section */
		9338CE152266C04000D25D65 /* Model */ = {
			isa = PBXGroup;
			children = (
				9338CE132266B52100D25D65 /* DataServices.swift */,
				9338CE182266C26900D25D65 /* District.swift */,
				9338CE162266C05400D25D65 /* City.swift */,
			);
			path = Model;
			sourceTree = "<group>";
		};
		9338CE1A2266C4EC00D25D65 /* Controller */ = {
			isa = PBXGroup;
			children = (
				9378BE872260870300D15A11 /* ViewController.swift */,
				9378BE972260873F00D15A11 /* TableViewController.swift */,
			);
			path = Controller;
			sourceTree = "<group>";
		};
		9378BE792260870300D15A11 = {
			isa = PBXGroup;
			children = (
				9378BE842260870300D15A11 /* LoadData_Fromplist */,
				9378BE832260870300D15A11 /* Products */,
			);
			sourceTree = "<group>";
		};
		9378BE832260870300D15A11 /* Products */ = {
			isa = PBXGroup;
			children = (
				9378BE822260870300D15A11 /* LoadData_Fromplist.app */,
			);
			name = Products;
			sourceTree = "<group>";
		};
		9378BE842260870300D15A11 /* LoadData_Fromplist */ = {
			isa = PBXGroup;
			children = (
				9338CE1A2266C4EC00D25D65 /* Controller */,
				9338CE152266C04000D25D65 /* Model */,
				9378BE892260870300D15A11 /* Main.storyboard */,
				9378BE8C2260870400D15A11 /* Assets.xcassets */,
				9378BE852260870300D15A11 /* AppDelegate.swift */,
				9378BE99226087BF00D15A11 /* Districts.plist */,
				9378BE9B226087C800D15A11 /* Cities.plist */,
				9378BE8E2260870400D15A11 /* LaunchScreen.storyboard */,
				9378BE912260870400D15A11 /* Info.plist */,
			);
			path = LoadData_Fromplist;
			sourceTree = "<group>";
		};
/* End PBXGroup section */

/* Begin PBXNativeTarget section */
		9378BE812260870300D15A11 /* LoadData_Fromplist */ = {
			isa = PBXNativeTarget;
			buildConfigurationList = 9378BE942260870400D15A11 /* Build configuration list for PBXNativeTarget "LoadData_Fromplist" */;
			buildPhases = (
				9378BE7E2260870300D15A11 /* Sources */,
				9378BE7F2260870300D15A11 /* Frameworks */,
				9378BE802260870300D15A11 /* Resources */,
			);
			buildRules = (
			);
			dependencies = (
			);
			name = LoadData_Fromplist;
			productName = LoadData_Fromplist;
			productReference = 9378BE822260870300D15A11 /* LoadData_Fromplist.app */;
			productType = "com.apple.product-type.application";
		};
/* End PBXNativeTarget section */

/* Begin PBXProject section */
		9378BE7A2260870300D15A11 /* Project object */ = {
			isa = PBXProject;
			attributes = {
				LastSwiftUpdateCheck = 0940;
				LastUpgradeCheck = 0940;
				ORGANIZATIONNAME = "Just Kidding";
				TargetAttributes = {
					9378BE812260870300D15A11 = {
						CreatedOnToolsVersion = 9.4.1;
					};
				};
			};
			buildConfigurationList = 9378BE7D2260870300D15A11 /* Build configuration list for PBXProject "LoadData_Fromplist" */;
			compatibilityVersion = "Xcode 9.3";
			developmentRegion = en;
			hasScannedForEncodings = 0;
			knownRegions = (
				en,
				Base,
			);
			mainGroup = 9378BE792260870300D15A11;
			productRefGroup = 9378BE832260870300D15A11 /* Products */;
			projectDirPath = "";
			projectRoot = "";
			targets = (
				9378BE812260870300D15A11 /* LoadData_Fromplist */,
			);
		};
/* End PBXProject section */

/* Begin PBXResourcesBuildPhase section */
		9378BE802260870300D15A11 /* Resources */ = {
			isa = PBXResourcesBuildPhase;
			buildActionMask = 2147483647;
			files = (
				9378BE902260870400D15A11 /* LaunchScreen.storyboard in Resources */,
				9378BE8D2260870400D15A11 /* Assets.xcassets in Resources */,
				9378BE9C226087C800D15A11 /* Cities.plist in Resources */,
				9378BE9A226087BF00D15A11 /* Districts.plist in Resources */,
				9378BE8B2260870300D15A11 /* Main.storyboard in Resources */,
			);
			runOnlyForDeploymentPostprocessing = 0;
		};
/* End PBXResourcesBuildPhase section */

/* Begin PBXSourcesBuildPhase section */
		9378BE7E2260870300D15A11 /* Sources */ = {
			isa = PBXSourcesBuildPhase;
			buildActionMask = 2147483647;
			files = (
				9338CE142266B52100D25D65 /* DataServices.swift in Sources */,
				9338CE172266C05400D25D65 /* City.swift in Sources */,
				9338CE192266C26900D25D65 /* District.swift in Sources */,
				9378BE882260870300D15A11 /* ViewController.swift in Sources */,
				9378BE982260873F00D15A11 /* TableViewController.swift in Sources */,
				9378BE862260870300D15A11 /* AppDelegate.swift in Sources */,
			);
			runOnlyForDeploymentPostprocessing = 0;
		};
/* End PBXSourcesBuildPhase section */

/* Begin PBXVariantGroup section */
		9378BE892260870300D15A11 /* Main.storyboard */ = {
			isa = PBXVariantGroup;
			children = (
				9378BE8A2260870300D15A11 /* Base */,
			);
			name = Main.storyboard;
			sourceTree = "<group>";
		};
		9378BE8E2260870400D15A11 /* LaunchScreen.storyboard */ = {
			isa = PBXVariantGroup;
			children = (
				9378BE8F2260870400D15A11 /* Base */,
			);
			name = LaunchScreen.storyboard;
			sourceTree = "<group>";
		};
/* End PBXVariantGroup section */

/* Begin XCBuildConfiguration section */
		9378BE922260870400D15A11 /* Debug */ = {
			isa = XCBuildConfiguration;
			buildSettings = {
				ALWAYS_SEARCH_USER_PATHS = NO;
				CLANG_ANALYZER_NONNULL = YES;
				CLANG_ANALYZER_NUMBER_OBJECT_CONVERSION = YES_AGGRESSIVE;
				CLANG_CXX_LANGUAGE_STANDARD = "gnu++14";
				CLANG_CXX_LIBRARY = "libc++";
				CLANG_ENABLE_MODULES = YES;
				CLANG_ENABLE_OBJC_ARC = YES;
				CLANG_ENABLE_OBJC_WEAK = YES;
				CLANG_WARN_BLOCK_CAPTURE_AUTORELEASING = YES;
				CLANG_WARN_BOOL_CONVERSION = YES;
				CLANG_WARN_COMMA = YES;
				CLANG_WARN_CONSTANT_CONVERSION = YES;
				CLANG_WARN_DEPRECATED_OBJC_IMPLEMENTATIONS = YES;
				CLANG_WARN_DIRECT_OBJC_ISA_USAGE = YES_ERROR;
				CLANG_WARN_DOCUMENTATION_COMMENTS = YES;
				CLANG_WARN_EMPTY_BODY = YES;
				CLANG_WARN_ENUM_CONVERSION = YES;
				CLANG_WARN_INFINITE_RECURSION = YES;
				CLANG_WARN_INT_CONVERSION = YES;
				CLANG_WARN_NON_LITERAL_NULL_CONVERSION = YES;
				CLANG_WARN_OBJC_IMPLICIT_RETAIN_SELF = YES;
				CLANG_WARN_OBJC_LITERAL_CONVERSION = YES;
				CLANG_WARN_OBJC_ROOT_CLASS = YES_ERROR;
				CLANG_WARN_RANGE_LOOP_ANALYSIS = YES;
				CLANG_WARN_STRICT_PROTOTYPES = YES;
				CLANG_WARN_SUSPICIOUS_MOVE = YES;
				CLANG_WARN_UNGUARDED_AVAILABILITY = YES_AGGRESSIVE;
				CLANG_WARN_UNREACHABLE_CODE = YES;
				CLANG_WARN__DUPLICATE_METHOD_MATCH = YES;
				CODE_SIGN_IDENTITY = "iPhone Developer";
				COPY_PHASE_STRIP = NO;
				DEBUG_INFORMATION_FORMAT = dwarf;
				ENABLE_STRICT_OBJC_MSGSEND = YES;
				ENABLE_TESTABILITY = YES;
				GCC_C_LANGUAGE_STANDARD = gnu11;
				GCC_DYNAMIC_NO_PIC = NO;
				GCC_NO_COMMON_BLOCKS = YES;
				GCC_OPTIMIZATION_LEVEL = 0;
				GCC_PREPROCESSOR_DEFINITIONS = (
					"DEBUG=1",
					"$(inherited)",
				);
				GCC_WARN_64_TO_32_BIT_CONVERSION = YES;
				GCC_WARN_ABOUT_RETURN_TYPE = YES_ERROR;
				GCC_WARN_UNDECLARED_SELECTOR = YES;
				GCC_WARN_UNINITIALIZED_AUTOS = YES_AGGRESSIVE;
				GCC_WARN_UNUSED_FUNCTION = YES;
				GCC_WARN_UNUSED_VARIABLE = YES;
				IPHONEOS_DEPLOYMENT_TARGET = 11.4;
				MTL_ENABLE_DEBUG_INFO = YES;
				ONLY_ACTIVE_ARCH = YES;
				SDKROOT = iphoneos;
				SWIFT_ACTIVE_COMPILATION_CONDITIONS = DEBUG;
				SWIFT_OPTIMIZATION_LEVEL = "-Onone";
			};
			name = Debug;
		};
		9378BE932260870400D15A11 /* Release */ = {
			isa = XCBuildConfiguration;
			buildSettings = {
				ALWAYS_SEARCH_USER_PATHS = NO;
				CLANG_ANALYZER_NONNULL = YES;
				CLANG_ANALYZER_NUMBER_OBJECT_CONVERSION = YES_AGGRESSIVE;
				CLANG_CXX_LANGUAGE_STANDARD = "gnu++14";
				CLANG_CXX_LIBRARY = "libc++";
				CLANG_ENABLE_MODULES = YES;
				CLANG_ENABLE_OBJC_ARC = YES;
				CLANG_ENABLE_OBJC_WEAK = YES;
				CLANG_WARN_BLOCK_CAPTURE_AUTORELEASING = YES;
				CLANG_WARN_BOOL_CONVERSION = YES;
				CLANG_WARN_COMMA = YES;
				CLANG_WARN_CONSTANT_CONVERSION = YES;
				CLANG_WARN_DEPRECATED_OBJC_IMPLEMENTATIONS = YES;
				CLANG_WARN_DIRECT_OBJC_ISA_USAGE = YES_ERROR;
				CLANG_WARN_DOCUMENTATION_COMMENTS = YES;
				CLANG_WARN_EMPTY_BODY = YES;
				CLANG_WARN_ENUM_CONVERSION = YES;
				CLANG_WARN_INFINITE_RECURSION = YES;
				CLANG_WARN_INT_CONVERSION = YES;
				CLANG_WARN_NON_LITERAL_NULL_CONVERSION = YES;
				CLANG_WARN_OBJC_IMPLICIT_RETAIN_SELF = YES;
				CLANG_WARN_OBJC_LITERAL_CONVERSION = YES;
				CLANG_WARN_OBJC_ROOT_CLASS = YES_ERROR;
				CLANG_WARN_RANGE_LOOP_ANALYSIS = YES;
				CLANG_WARN_STRICT_PROTOTYPES = YES;
				CLANG_WARN_SUSPICIOUS_MOVE = YES;
				CLANG_WARN_UNGUARDED_AVAILABILITY = YES_AGGRESSIVE;
				CLANG_WARN_UNREACHABLE_CODE = YES;
				CLANG_WARN__DUPLICATE_METHOD_MATCH = YES;
				CODE_SIGN_IDENTITY = "iPhone Developer";
				COPY_PHASE_STRIP = NO;
				DEBUG_INFORMATION_FORMAT = "dwarf-with-dsym";
				ENABLE_NS_ASSERTIONS = NO;
				ENABLE_STRICT_OBJC_MSGSEND = YES;
				GCC_C_LANGUAGE_STANDARD = gnu11;
				GCC_NO_COMMON_BLOCKS = YES;
				GCC_WARN_64_TO_32_BIT_CONVERSION = YES;
				GCC_WARN_ABOUT_RETURN_TYPE = YES_ERROR;
				GCC_WARN_UNDECLARED_SELECTOR = YES;
				GCC_WARN_UNINITIALIZED_AUTOS = YES_AGGRESSIVE;
				GCC_WARN_UNUSED_FUNCTION = YES;
				GCC_WARN_UNUSED_VARIABLE = YES;
				IPHONEOS_DEPLOYMENT_TARGET = 11.4;
				MTL_ENABLE_DEBUG_INFO = NO;
				SDKROOT = iphoneos;
				SWIFT_COMPILATION_MODE = wholemodule;
				SWIFT_OPTIMIZATION_LEVEL = "-O";
				VALIDATE_PRODUCT = YES;
			};
			name = Release;
		};
		9378BE952260870400D15A11 /* Debug */ = {
			isa = XCBuildConfiguration;
			buildSettings = {
				ASSETCATALOG_COMPILER_APPICON_NAME = AppIcon;
				CODE_SIGN_STYLE = Automatic;
				INFOPLIST_FILE = LoadData_Fromplist/Info.plist;
				LD_RUNPATH_SEARCH_PATHS = (
					"$(inherited)",
					"@executable_path/Frameworks",
				);
				PRODUCT_BUNDLE_IDENTIFIER = "DucBan.LoadData-Fromplist";
				PRODUCT_NAME = "$(TARGET_NAME)";
				SWIFT_VERSION = 4.0;
				TARGETED_DEVICE_FAMILY = "1,2";
			};
			name = Debug;
		};
		9378BE962260870400D15A11 /* Release */ = {
			isa = XCBuildConfiguration;
			buildSettings = {
				ASSETCATALOG_COMPILER_APPICON_NAME = AppIcon;
				CODE_SIGN_STYLE = Automatic;
				INFOPLIST_FILE = LoadData_Fromplist/Info.plist;
				LD_RUNPATH_SEARCH_PATHS = (
					"$(inherited)",
					"@executable_path/Frameworks",
				);
				PRODUCT_BUNDLE_IDENTIFIER = "DucBan.LoadData-Fromplist";
				PRODUCT_NAME = "$(TARGET_NAME)";
				SWIFT_VERSION = 4.0;
				TARGETED_DEVICE_FAMILY = "1,2";
			};
			name = Release;
		};
/* End XCBuildConfiguration section */

/* Begin XCConfigurationList section */
		9378BE7D2260870300D15A11 /* Build configuration list for PBXProject "LoadData_Fromplist" */ = {
			isa = XCConfigurationList;
			buildConfigurations = (
				9378BE922260870400D15A11 /* Debug */,
				9378BE932260870400D15A11 /* Release */,
			);
			defaultConfigurationIsVisible = 0;
			defaultConfigurationName = Release;
		};
		9378BE942260870400D15A11 /* Build configuration list for PBXNativeTarget "LoadData_Fromplist" */ = {
			isa = XCConfigurationList;
			buildConfigurations = (
				9378BE952260870400D15A11 /* Debug */,
				9378BE962260870400D15A11 /* Release */,
			);
			defaultConfigurationIsVisible = 0;
			defaultConfigurationName = Release;
		};
/* End XCConfigurationList section */
	};
	rootObject = 9378BE7A2260870300D15A11 /* Project object */;
}
